// !$*UTF8*$!
{
	archiveVersion = 1;
	classes = {
	};
	objectVersion = 50;
	objects = {

/* Begin PBXBuildFile section */
		C764E8A92623E83D00E30E46 /* AppDelegate.m in Sources */ = {isa = PBXBuildFile; fileRef = C764E8A82623E83D00E30E46 /* AppDelegate.m */; };
		C764E8AC2623E83D00E30E46 /* SceneDelegate.m in Sources */ = {isa = PBXBuildFile; fileRef = C764E8AB2623E83D00E30E46 /* SceneDelegate.m */; };
		C764E8AF2623E83D00E30E46 /* ViewController.m in Sources */ = {isa = PBXBuildFile; fileRef = C764E8AE2623E83D00E30E46 /* ViewController.m */; };
		C764E8B22623E83D00E30E46 /* Main.storyboard in Resources */ = {isa = PBXBuildFile; fileRef = C764E8B02623E83D00E30E46 /* Main.storyboard */; };
		C764E8B42623E83E00E30E46 /* Assets.xcassets in Resources */ = {isa = PBXBuildFile; fileRef = C764E8B32623E83E00E30E46 /* Assets.xcassets */; };
		C764E8B72623E83E00E30E46 /* LaunchScreen.storyboard in Resources */ = {isa = PBXBuildFile; fileRef = C764E8B52623E83E00E30E46 /* LaunchScreen.storyboard */; };
		C764E8BA2623E83E00E30E46 /* main.m in Sources */ = {isa = PBXBuildFile; fileRef = C764E8B92623E83E00E30E46 /* main.m */; };
		C764E8C42623E83E00E30E46 /* SQLPopViewController1Tests.m in Sources */ = {isa = PBXBuildFile; fileRef = C764E8C32623E83E00E30E46 /* SQLPopViewController1Tests.m */; };
		C764E8CF2623E83E00E30E46 /* SQLPopViewController1UITests.m in Sources */ = {isa = PBXBuildFile; fileRef = C764E8CE2623E83E00E30E46 /* SQLPopViewController1UITests.m */; };
		C764E9502623F84900E30E46 /* DFPopupController.m in Sources */ = {isa = PBXBuildFile; fileRef = C764E9332623F84900E30E46 /* DFPopupController.m */; };
		C764E9512623F84900E30E46 /* DFPopViewButton.m in Sources */ = {isa = PBXBuildFile; fileRef = C764E9342623F84900E30E46 /* DFPopViewButton.m */; };
		C764E9522623F84900E30E46 /* DFPopupViewArea.xib in Resources */ = {isa = PBXBuildFile; fileRef = C764E9372623F84900E30E46 /* DFPopupViewArea.xib */; };
		C764E9532623F84900E30E46 /* UIColor+DFToolColor.m in Sources */ = {isa = PBXBuildFile; fileRef = C764E93C2623F84900E30E46 /* UIColor+DFToolColor.m */; };
		C764E9542623F84900E30E46 /* DFPopupViewErrorImg@2x.png in Resources */ = {isa = PBXBuildFile; fileRef = C764E93E2623F84900E30E46 /* DFPopupViewErrorImg@2x.png */; };
		C764E9552623F84900E30E46 /* DFPopupViewSureImg@3x.png in Resources */ = {isa = PBXBuildFile; fileRef = C764E93F2623F84900E30E46 /* DFPopupViewSureImg@3x.png */; };
		C764E9562623F84900E30E46 /* DFPopupViewSureImg@2x.png in Resources */ = {isa = PBXBuildFile; fileRef = C764E9402623F84900E30E46 /* DFPopupViewSureImg@2x.png */; };
		C764E9572623F84900E30E46 /* DFPopupViewErrorImg@3x.png in Resources */ = {isa = PBXBuildFile; fileRef = C764E9412623F84900E30E46 /* DFPopupViewErrorImg@3x.png */; };
		C764E9582623F84900E30E46 /* DFPopupViewDangerImg@3x.png in Resources */ = {isa = PBXBuildFile; fileRef = C764E9422623F84900E30E46 /* DFPopupViewDangerImg@3x.png */; };
		C764E9592623F84900E30E46 /* DFPopupViewDangerImg@2x.png in Resources */ = {isa = PBXBuildFile; fileRef = C764E9432623F84900E30E46 /* DFPopupViewDangerImg@2x.png */; };
		C764E95A2623F84900E30E46 /* NSString+DFPopupString.m in Sources */ = {isa = PBXBuildFile; fileRef = C764E9452623F84900E30E46 /* NSString+DFPopupString.m */; };
		C764E95B2623F84900E30E46 /* DFPopViewTextField.m in Sources */ = {isa = PBXBuildFile; fileRef = C764E9472623F84900E30E46 /* DFPopViewTextField.m */; };
		C764E95C2623F84900E30E46 /* DFPopupViewArea.m in Sources */ = {isa = PBXBuildFile; fileRef = C764E94A2623F84900E30E46 /* DFPopupViewArea.m */; };
		C764E95D2623F84900E30E46 /* DFPopupPresentAnimator.m in Sources */ = {isa = PBXBuildFile; fileRef = C764E94C2623F84900E30E46 /* DFPopupPresentAnimator.m */; };
		C764E95E2623F84900E30E46 /* DFPopupDismissAnimator.m in Sources */ = {isa = PBXBuildFile; fileRef = C764E94D2623F84900E30E46 /* DFPopupDismissAnimator.m */; };
/* End PBXBuildFile section */

/* Begin PBXContainerItemProxy section */
		C764E8C02623E83E00E30E46 /* PBXContainerItemProxy */ = {
			isa = PBXContainerItemProxy;
			containerPortal = C764E89C2623E83D00E30E46 /* Project object */;
			proxyType = 1;
			remoteGlobalIDString = C764E8A32623E83D00E30E46;
			remoteInfo = SQLPopViewController1;
		};
		C764E8CB2623E83E00E30E46 /* PBXContainerItemProxy */ = {
			isa = PBXContainerItemProxy;
			containerPortal = C764E89C2623E83D00E30E46 /* Project object */;
			proxyType = 1;
			remoteGlobalIDString = C764E8A32623E83D00E30E46;
			remoteInfo = SQLPopViewController1;
		};
/* End PBXContainerItemProxy section */

/* Begin PBXFileReference section */
		C764E8A42623E83D00E30E46 /* SQLPopViewController1.app */ = {isa = PBXFileReference; explicitFileType = wrapper.application; includeInIndex = 0; path = SQLPopViewController1.app; sourceTree = BUILT_PRODUCTS_DIR; };
		C764E8A72623E83D00E30E46 /* AppDelegate.h */ = {isa = PBXFileReference; lastKnownFileType = sourcecode.c.h; path = AppDelegate.h; sourceTree = "<group>"; };
		C764E8A82623E83D00E30E46 /* AppDelegate.m */ = {isa = PBXFileReference; lastKnownFileType = sourcecode.c.objc; path = AppDelegate.m; sourceTree = "<group>"; };
		C764E8AA2623E83D00E30E46 /* SceneDelegate.h */ = {isa = PBXFileReference; lastKnownFileType = sourcecode.c.h; path = SceneDelegate.h; sourceTree = "<group>"; };
		C764E8AB2623E83D00E30E46 /* SceneDelegate.m */ = {isa = PBXFileReference; lastKnownFileType = sourcecode.c.objc; path = SceneDelegate.m; sourceTree = "<group>"; };
		C764E8AD2623E83D00E30E46 /* ViewController.h */ = {isa = PBXFileReference; lastKnownFileType = sourcecode.c.h; path = ViewController.h; sourceTree = "<group>"; };
		C764E8AE2623E83D00E30E46 /* ViewController.m */ = {isa = PBXFileReference; lastKnownFileType = sourcecode.c.objc; path = ViewController.m; sourceTree = "<group>"; };
		C764E8B12623E83D00E30E46 /* Base */ = {isa = PBXFileReference; lastKnownFileType = file.storyboard; name = Base; path = Base.lproj/Main.storyboard; sourceTree = "<group>"; };
		C764E8B32623E83E00E30E46 /* Assets.xcassets */ = {isa = PBXFileReference; lastKnownFileType = folder.assetcatalog; path = Assets.xcassets; sourceTree = "<group>"; };
		C764E8B62623E83E00E30E46 /* Base */ = {isa = PBXFileReference; lastKnownFileType = file.storyboard; name = Base; path = Base.lproj/LaunchScreen.storyboard; sourceTree = "<group>"; };
		C764E8B82623E83E00E30E46 /* Info.plist */ = {isa = PBXFileReference; lastKnownFileType = text.plist.xml; path = Info.plist; sourceTree = "<group>"; };
		C764E8B92623E83E00E30E46 /* main.m */ = {isa = PBXFileReference; lastKnownFileType = sourcecode.c.objc; path = main.m; sourceTree = "<group>"; };
		C764E8BF2623E83E00E30E46 /* SQLPopViewController1Tests.xctest */ = {isa = PBXFileReference; explicitFileType = wrapper.cfbundle; includeInIndex = 0; path = SQLPopViewController1Tests.xctest; sourceTree = BUILT_PRODUCTS_DIR; };
		C764E8C32623E83E00E30E46 /* SQLPopViewController1Tests.m */ = {isa = PBXFileReference; lastKnownFileType = sourcecode.c.objc; path = SQLPopViewController1Tests.m; sourceTree = "<group>"; };
		C764E8C52623E83E00E30E46 /* Info.plist */ = {isa = PBXFileReference; lastKnownFileType = text.plist.xml; path = Info.plist; sourceTree = "<group>"; };
		C764E8CA2623E83E00E30E46 /* SQLPopViewController1UITests.xctest */ = {isa = PBXFileReference; explicitFileType = wrapper.cfbundle; includeInIndex = 0; path = SQLPopViewController1UITests.xctest; sourceTree = BUILT_PRODUCTS_DIR; };
		C764E8CE2623E83E00E30E46 /* SQLPopViewController1UITests.m */ = {isa = PBXFileReference; lastKnownFileType = sourcecode.c.objc; path = SQLPopViewController1UITests.m; sourceTree = "<group>"; };
		C764E8D02623E83E00E30E46 /* Info.plist */ = {isa = PBXFileReference; lastKnownFileType = text.plist.xml; path = Info.plist; sourceTree = "<group>"; };
		C764E9332623F84900E30E46 /* DFPopupController.m */ = {isa = PBXFileReference; fileEncoding = 4; lastKnownFileType = sourcecode.c.objc; path = DFPopupController.m; sourceTree = "<group>"; };
		C764E9342623F84900E30E46 /* DFPopViewButton.m */ = {isa = PBXFileReference; fileEncoding = 4; lastKnownFileType = sourcecode.c.objc; path = DFPopViewButton.m; sourceTree = "<group>"; };
		C764E9352623F84900E30E46 /* DFPopViewTextField.h */ = {isa = PBXFileReference; fileEncoding = 4; lastKnownFileType = sourcecode.c.h; path = DFPopViewTextField.h; sourceTree = "<group>"; };
		C764E9362623F84900E30E46 /* DFPopupViewArea.h */ = {isa = PBXFileReference; fileEncoding = 4; lastKnownFileType = sourcecode.c.h; path = DFPopupViewArea.h; sourceTree = "<group>"; };
		C764E9372623F84900E30E46 /* DFPopupViewArea.xib */ = {isa = PBXFileReference; fileEncoding = 4; lastKnownFileType = file.xib; path = DFPopupViewArea.xib; sourceTree = "<group>"; };
		C764E9382623F84900E30E46 /* DFPopupController.h */ = {isa = PBXFileReference; fileEncoding = 4; lastKnownFileType = sourcecode.c.h; path = DFPopupController.h; sourceTree = "<group>"; };
		C764E93B2623F84900E30E46 /* UIColor+DFToolColor.h */ = {isa = PBXFileReference; fileEncoding = 4; lastKnownFileType = sourcecode.c.h; path = "UIColor+DFToolColor.h"; sourceTree = "<group>"; };
		C764E93C2623F84900E30E46 /* UIColor+DFToolColor.m */ = {isa = PBXFileReference; fileEncoding = 4; lastKnownFileType = sourcecode.c.objc; path = "UIColor+DFToolColor.m"; sourceTree = "<group>"; };
		C764E93E2623F84900E30E46 /* DFPopupViewErrorImg@2x.png */ = {isa = PBXFileReference; lastKnownFileType = image.png; path = "DFPopupViewErrorImg@2x.png"; sourceTree = "<group>"; };
		C764E93F2623F84900E30E46 /* DFPopupViewSureImg@3x.png */ = {isa = PBXFileReference; lastKnownFileType = image.png; path = "DFPopupViewSureImg@3x.png"; sourceTree = "<group>"; };
		C764E9402623F84900E30E46 /* DFPopupViewSureImg@2x.png */ = {isa = PBXFileReference; lastKnownFileType = image.png; path = "DFPopupViewSureImg@2x.png"; sourceTree = "<group>"; };
		C764E9412623F84900E30E46 /* DFPopupViewErrorImg@3x.png */ = {isa = PBXFileReference; lastKnownFileType = image.png; path = "DFPopupViewErrorImg@3x.png"; sourceTree = "<group>"; };
		C764E9422623F84900E30E46 /* DFPopupViewDangerImg@3x.png */ = {isa = PBXFileReference; lastKnownFileType = image.png; path = "DFPopupViewDangerImg@3x.png"; sourceTree = "<group>"; };
		C764E9432623F84900E30E46 /* DFPopupViewDangerImg@2x.png */ = {isa = PBXFileReference; lastKnownFileType = image.png; path = "DFPopupViewDangerImg@2x.png"; sourceTree = "<group>"; };
		C764E9452623F84900E30E46 /* NSString+DFPopupString.m */ = {isa = PBXFileReference; fileEncoding = 4; lastKnownFileType = sourcecode.c.objc; path = "NSString+DFPopupString.m"; sourceTree = "<group>"; };
		C764E9462623F84900E30E46 /* NSString+DFPopupString.h */ = {isa = PBXFileReference; fileEncoding = 4; lastKnownFileType = sourcecode.c.h; path = "NSString+DFPopupString.h"; sourceTree = "<group>"; };
		C764E9472623F84900E30E46 /* DFPopViewTextField.m */ = {isa = PBXFileReference; fileEncoding = 4; lastKnownFileType = sourcecode.c.objc; path = DFPopViewTextField.m; sourceTree = "<group>"; };
		C764E9482623F84900E30E46 /* DFPopupHeader.h */ = {isa = PBXFileReference; fileEncoding = 4; lastKnownFileType = sourcecode.c.h; path = DFPopupHeader.h; sourceTree = "<group>"; };
		C764E9492623F84900E30E46 /* DFPopViewButton.h */ = {isa = PBXFileReference; fileEncoding = 4; lastKnownFileType = sourcecode.c.h; path = DFPopViewButton.h; sourceTree = "<group>"; };
		C764E94A2623F84900E30E46 /* DFPopupViewArea.m */ = {isa = PBXFileReference; fileEncoding = 4; lastKnownFileType = sourcecode.c.objc; path = DFPopupViewArea.m; sourceTree = "<group>"; };
		C764E94C2623F84900E30E46 /* DFPopupPresentAnimator.m */ = {isa = PBXFileReference; fileEncoding = 4; lastKnownFileType = sourcecode.c.objc; path = DFPopupPresentAnimator.m; sourceTree = "<group>"; };
		C764E94D2623F84900E30E46 /* DFPopupDismissAnimator.m */ = {isa = PBXFileReference; fileEncoding = 4; lastKnownFileType = sourcecode.c.objc; path = DFPopupDismissAnimator.m; sourceTree = "<group>"; };
		C764E94E2623F84900E30E46 /* DFPopupPresentAnimator.h */ = {isa = PBXFileReference; fileEncoding = 4; lastKnownFileType = sourcecode.c.h; path = DFPopupPresentAnimator.h; sourceTree = "<group>"; };
		C764E94F2623F84900E30E46 /* DFPopupDismissAnimator.h */ = {isa = PBXFileReference; fileEncoding = 4; lastKnownFileType = sourcecode.c.h; path = DFPopupDismissAnimator.h; sourceTree = "<group>"; };
/* End PBXFileReference section */

/* Begin PBXFrameworksBuildPhase section */
		C764E8A12623E83D00E30E46 /* Frameworks */ = {
			isa = PBXFrameworksBuildPhase;
			buildActionMask = 2147483647;
			files = (
			);
			runOnlyForDeploymentPostprocessing = 0;
		};
		C764E8BC2623E83E00E30E46 /* Frameworks */ = {
			isa = PBXFrameworksBuildPhase;
			buildActionMask = 2147483647;
			files = (
			);
			runOnlyForDeploymentPostprocessing = 0;
		};
		C764E8C72623E83E00E30E46 /* Frameworks */ = {
			isa = PBXFrameworksBuildPhase;
			buildActionMask = 2147483647;
			files = (
			);
			runOnlyForDeploymentPostprocessing = 0;
		};
/* End PBXFrameworksBuildPhase section */

/* Begin PBXGroup section */
		C764E89B2623E83D00E30E46 = {
			isa = PBXGroup;
			children = (
				C764E8A62623E83D00E30E46 /* SQLPopViewController1 */,
				C764E8C22623E83E00E30E46 /* SQLPopViewController1Tests */,
				C764E8CD2623E83E00E30E46 /* SQLPopViewController1UITests */,
				C764E8A52623E83D00E30E46 /* Products */,
			);
			sourceTree = "<group>";
		};
		C764E8A52623E83D00E30E46 /* Products */ = {
			isa = PBXGroup;
			children = (
				C764E8A42623E83D00E30E46 /* SQLPopViewController1.app */,
				C764E8BF2623E83E00E30E46 /* SQLPopViewController1Tests.xctest */,
				C764E8CA2623E83E00E30E46 /* SQLPopViewController1UITests.xctest */,
			);
			name = Products;
			sourceTree = "<group>";
		};
		C764E8A62623E83D00E30E46 /* SQLPopViewController1 */ = {
			isa = PBXGroup;
			children = (
				C764E9322623F84900E30E46 /* SQLPopVC */,
				C764E8A72623E83D00E30E46 /* AppDelegate.h */,
				C764E8A82623E83D00E30E46 /* AppDelegate.m */,
				C764E8AA2623E83D00E30E46 /* SceneDelegate.h */,
				C764E8AB2623E83D00E30E46 /* SceneDelegate.m */,
				C764E8AD2623E83D00E30E46 /* ViewController.h */,
				C764E8AE2623E83D00E30E46 /* ViewController.m */,
				C764E8B02623E83D00E30E46 /* Main.storyboard */,
				C764E8B32623E83E00E30E46 /* Assets.xcassets */,
				C764E8B52623E83E00E30E46 /* LaunchScreen.storyboard */,
				C764E8B82623E83E00E30E46 /* Info.plist */,
				C764E8B92623E83E00E30E46 /* main.m */,
			);
			path = SQLPopViewController1;
			sourceTree = "<group>";
		};
		C764E8C22623E83E00E30E46 /* SQLPopViewController1Tests */ = {
			isa = PBXGroup;
			children = (
				C764E8C32623E83E00E30E46 /* SQLPopViewController1Tests.m */,
				C764E8C52623E83E00E30E46 /* Info.plist */,
			);
			path = SQLPopViewController1Tests;
			sourceTree = "<group>";
		};
		C764E8CD2623E83E00E30E46 /* SQLPopViewController1UITests */ = {
			isa = PBXGroup;
			children = (
				C764E8CE2623E83E00E30E46 /* SQLPopViewController1UITests.m */,
				C764E8D02623E83E00E30E46 /* Info.plist */,
			);
			path = SQLPopViewController1UITests;
			sourceTree = "<group>";
		};
		C764E9322623F84900E30E46 /* SQLPopVC */ = {
			isa = PBXGroup;
			children = (
				C764E94B2623F84900E30E46 /* DFPopupAnimator */,
				C764E9382623F84900E30E46 /* DFPopupController.h */,
				C764E9332623F84900E30E46 /* DFPopupController.m */,
				C764E9482623F84900E30E46 /* DFPopupHeader.h */,
				C764E9362623F84900E30E46 /* DFPopupViewArea.h */,
				C764E94A2623F84900E30E46 /* DFPopupViewArea.m */,
				C764E9372623F84900E30E46 /* DFPopupViewArea.xib */,
				C764E9392623F84900E30E46 /* DFPopupViewCTool */,
				C764E9492623F84900E30E46 /* DFPopViewButton.h */,
				C764E9342623F84900E30E46 /* DFPopViewButton.m */,
				C764E9352623F84900E30E46 /* DFPopViewTextField.h */,
				C764E9472623F84900E30E46 /* DFPopViewTextField.m */,
			);
			name = SQLPopVC;
			path = ../../SQLPopVC;
			sourceTree = "<group>";
		};
		C764E9392623F84900E30E46 /* DFPopupViewCTool */ = {
			isa = PBXGroup;
			children = (
				C764E93A2623F84900E30E46 /* Color */,
				C764E93D2623F84900E30E46 /* img */,
				C764E9442623F84900E30E46 /* String */,
			);
			path = DFPopupViewCTool;
			sourceTree = "<group>";
		};
		C764E93A2623F84900E30E46 /* Color */ = {
			isa = PBXGroup;
			children = (
				C764E93B2623F84900E30E46 /* UIColor+DFToolColor.h */,
				C764E93C2623F84900E30E46 /* UIColor+DFToolColor.m */,
			);
			path = Color;
			sourceTree = "<group>";
		};
		C764E93D2623F84900E30E46 /* img */ = {
			isa = PBXGroup;
			children = (
				C764E93E2623F84900E30E46 /* DFPopupViewErrorImg@2x.png */,
				C764E93F2623F84900E30E46 /* DFPopupViewSureImg@3x.png */,
				C764E9402623F84900E30E46 /* DFPopupViewSureImg@2x.png */,
				C764E9412623F84900E30E46 /* DFPopupViewErrorImg@3x.png */,
				C764E9422623F84900E30E46 /* DFPopupViewDangerImg@3x.png */,
				C764E9432623F84900E30E46 /* DFPopupViewDangerImg@2x.png */,
			);
			path = img;
			sourceTree = "<group>";
		};
		C764E9442623F84900E30E46 /* String */ = {
			isa = PBXGroup;
			children = (
				C764E9452623F84900E30E46 /* NSString+DFPopupString.m */,
				C764E9462623F84900E30E46 /* NSString+DFPopupString.h */,
			);
			path = String;
			sourceTree = "<group>";
		};
		C764E94B2623F84900E30E46 /* DFPopupAnimator */ = {
			isa = PBXGroup;
			children = (
				C764E94C2623F84900E30E46 /* DFPopupPresentAnimator.m */,
				C764E94D2623F84900E30E46 /* DFPopupDismissAnimator.m */,
				C764E94E2623F84900E30E46 /* DFPopupPresentAnimator.h */,
				C764E94F2623F84900E30E46 /* DFPopupDismissAnimator.h */,
			);
			path = DFPopupAnimator;
			sourceTree = "<group>";
		};
/* End PBXGroup section */

/* Begin PBXNativeTarget section */
		C764E8A32623E83D00E30E46 /* SQLPopViewController1 */ = {
			isa = PBXNativeTarget;
			buildConfigurationList = C764E8D32623E83E00E30E46 /* Build configuration list for PBXNativeTarget "SQLPopViewController1" */;
			buildPhases = (
				C764E8A02623E83D00E30E46 /* Sources */,
				C764E8A12623E83D00E30E46 /* Frameworks */,
				C764E8A22623E83D00E30E46 /* Resources */,
			);
			buildRules = (
			);
			dependencies = (
			);
			name = SQLPopViewController1;
			productName = SQLPopViewController1;
			productReference = C764E8A42623E83D00E30E46 /* SQLPopViewController1.app */;
			productType = "com.apple.product-type.application";
		};
		C764E8BE2623E83E00E30E46 /* SQLPopViewController1Tests */ = {
			isa = PBXNativeTarget;
			buildConfigurationList = C764E8D62623E83E00E30E46 /* Build configuration list for PBXNativeTarget "SQLPopViewController1Tests" */;
			buildPhases = (
				C764E8BB2623E83E00E30E46 /* Sources */,
				C764E8BC2623E83E00E30E46 /* Frameworks */,
				C764E8BD2623E83E00E30E46 /* Resources */,
			);
			buildRules = (
			);
			dependencies = (
				C764E8C12623E83E00E30E46 /* PBXTargetDependency */,
			);
			name = SQLPopViewController1Tests;
			productName = SQLPopViewController1Tests;
			productReference = C764E8BF2623E83E00E30E46 /* SQLPopViewController1Tests.xctest */;
			productType = "com.apple.product-type.bundle.unit-test";
		};
		C764E8C92623E83E00E30E46 /* SQLPopViewController1UITests */ = {
			isa = PBXNativeTarget;
			buildConfigurationList = C764E8D92623E83E00E30E46 /* Build configuration list for PBXNativeTarget "SQLPopViewController1UITests" */;
			buildPhases = (
				C764E8C62623E83E00E30E46 /* Sources */,
				C764E8C72623E83E00E30E46 /* Frameworks */,
				C764E8C82623E83E00E30E46 /* Resources */,
			);
			buildRules = (
			);
			dependencies = (
				C764E8CC2623E83E00E30E46 /* PBXTargetDependency */,
			);
			name = SQLPopViewController1UITests;
			productName = SQLPopViewController1UITests;
			productReference = C764E8CA2623E83E00E30E46 /* SQLPopViewController1UITests.xctest */;
			productType = "com.apple.product-type.bundle.ui-testing";
		};
/* End PBXNativeTarget section */

/* Begin PBXProject section */
		C764E89C2623E83D00E30E46 /* Project object */ = {
			isa = PBXProject;
			attributes = {
				LastUpgradeCheck = 1240;
				TargetAttributes = {
					C764E8A32623E83D00E30E46 = {
						CreatedOnToolsVersion = 12.4;
					};
					C764E8BE2623E83E00E30E46 = {
						CreatedOnToolsVersion = 12.4;
						TestTargetID = C764E8A32623E83D00E30E46;
					};
					C764E8C92623E83E00E30E46 = {
						CreatedOnToolsVersion = 12.4;
						TestTargetID = C764E8A32623E83D00E30E46;
					};
				};
			};
			buildConfigurationList = C764E89F2623E83D00E30E46 /* Build configuration list for PBXProject "SQLPopViewController1" */;
			compatibilityVersion = "Xcode 9.3";
			developmentRegion = en;
			hasScannedForEncodings = 0;
			knownRegions = (
				en,
				Base,
			);
			mainGroup = C764E89B2623E83D00E30E46;
			productRefGroup = C764E8A52623E83D00E30E46 /* Products */;
			projectDirPath = "";
			projectRoot = "";
			targets = (
				C764E8A32623E83D00E30E46 /* SQLPopViewController1 */,
				C764E8BE2623E83E00E30E46 /* SQLPopViewController1Tests */,
				C764E8C92623E83E00E30E46 /* SQLPopViewController1UITests */,
			);
		};
/* End PBXProject section */

/* Begin PBXResourcesBuildPhase section */
		C764E8A22623E83D00E30E46 /* Resources */ = {
			isa = PBXResourcesBuildPhase;
			buildActionMask = 2147483647;
			files = (
				C764E9572623F84900E30E46 /* DFPopupViewErrorImg@3x.png in Resources */,
				C764E9552623F84900E30E46 /* DFPopupViewSureImg@3x.png in Resources */,
				C764E9542623F84900E30E46 /* DFPopupViewErrorImg@2x.png in Resources */,
				C764E9562623F84900E30E46 /* DFPopupViewSureImg@2x.png in Resources */,
				C764E9582623F84900E30E46 /* DFPopupViewDangerImg@3x.png in Resources */,
				C764E8B72623E83E00E30E46 /* LaunchScreen.storyboard in Resources */,
				C764E8B42623E83E00E30E46 /* Assets.xcassets in Resources */,
				C764E9522623F84900E30E46 /* DFPopupViewArea.xib in Resources */,
				C764E8B22623E83D00E30E46 /* Main.storyboard in Resources */,
				C764E9592623F84900E30E46 /* DFPopupViewDangerImg@2x.png in Resources */,
			);
			runOnlyForDeploymentPostprocessing = 0;
		};
		C764E8BD2623E83E00E30E46 /* Resources */ = {
			isa = PBXResourcesBuildPhase;
			buildActionMask = 2147483647;
			files = (
			);
			runOnlyForDeploymentPostprocessing = 0;
		};
		C764E8C82623E83E00E30E46 /* Resources */ = {
			isa = PBXResourcesBuildPhase;
			buildActionMask = 2147483647;
			files = (
			);
			runOnlyForDeploymentPostprocessing = 0;
		};
/* End PBXResourcesBuildPhase section */

/* Begin PBXSourcesBuildPhase section */
		C764E8A02623E83D00E30E46 /* Sources */ = {
			isa = PBXSourcesBuildPhase;
			buildActionMask = 2147483647;
			files = (
				C764E9512623F84900E30E46 /* DFPopViewButton.m in Sources */,
				C764E8AF2623E83D00E30E46 /* ViewController.m in Sources */,
				C764E9502623F84900E30E46 /* DFPopupController.m in Sources */,
				C764E95A2623F84900E30E46 /* NSString+DFPopupString.m in Sources */,
				C764E95E2623F84900E30E46 /* DFPopupDismissAnimator.m in Sources */,
				C764E95B2623F84900E30E46 /* DFPopViewTextField.m in Sources */,
				C764E8A92623E83D00E30E46 /* AppDelegate.m in Sources */,
				C764E95D2623F84900E30E46 /* DFPopupPresentAnimator.m in Sources */,
				C764E9532623F84900E30E46 /* UIColor+DFToolColor.m in Sources */,
				C764E8BA2623E83E00E30E46 /* main.m in Sources */,
				C764E95C2623F84900E30E46 /* DFPopupViewArea.m in Sources */,
				C764E8AC2623E83D00E30E46 /* SceneDelegate.m in Sources */,
			);
			runOnlyForDeploymentPostprocessing = 0;
		};
		C764E8BB2623E83E00E30E46 /* Sources */ = {
			isa = PBXSourcesBuildPhase;
			buildActionMask = 2147483647;
			files = (
				C764E8C42623E83E00E30E46 /* SQLPopViewController1Tests.m in Sources */,
			);
			runOnlyForDeploymentPostprocessing = 0;
		};
		C764E8C62623E83E00E30E46 /* Sources */ = {
			isa = PBXSourcesBuildPhase;
			buildActionMask = 2147483647;
			files = (
				C764E8CF2623E83E00E30E46 /* SQLPopViewController1UITests.m in Sources */,
			);
			runOnlyForDeploymentPostprocessing = 0;
		};
/* End PBXSourcesBuildPhase section */

/* Begin PBXTargetDependency section */
		C764E8C12623E83E00E30E46 /* PBXTargetDependency */ = {
			isa = PBXTargetDependency;
			target = C764E8A32623E83D00E30E46 /* SQLPopViewController1 */;
			targetProxy = C764E8C02623E83E00E30E46 /* PBXContainerItemProxy */;
		};
		C764E8CC2623E83E00E30E46 /* PBXTargetDependency */ = {
			isa = PBXTargetDependency;
			target = C764E8A32623E83D00E30E46 /* SQLPopViewController1 */;
			targetProxy = C764E8CB2623E83E00E30E46 /* PBXContainerItemProxy */;
		};
/* End PBXTargetDependency section */

/* Begin PBXVariantGroup section */
		C764E8B02623E83D00E30E46 /* Main.storyboard */ = {
			isa = PBXVariantGroup;
			children = (
				C764E8B12623E83D00E30E46 /* Base */,
			);
			name = Main.storyboard;
			sourceTree = "<group>";
		};
		C764E8B52623E83E00E30E46 /* LaunchScreen.storyboard */ = {
			isa = PBXVariantGroup;
			children = (
				C764E8B62623E83E00E30E46 /* Base */,
			);
			name = LaunchScreen.storyboard;
			sourceTree = "<group>";
		};
/* End PBXVariantGroup section */

/* Begin XCBuildConfiguration section */
		C764E8D12623E83E00E30E46 /* Debug */ = {
			isa = XCBuildConfiguration;
			buildSettings = {
				ALWAYS_SEARCH_USER_PATHS = NO;
				CLANG_ANALYZER_NONNULL = YES;
				CLANG_ANALYZER_NUMBER_OBJECT_CONVERSION = YES_AGGRESSIVE;
				CLANG_CXX_LANGUAGE_STANDARD = "gnu++14";
				CLANG_CXX_LIBRARY = "libc++";
				CLANG_ENABLE_MODULES = YES;
				CLANG_ENABLE_OBJC_ARC = YES;
				CLANG_ENABLE_OBJC_WEAK = YES;
				CLANG_WARN_BLOCK_CAPTURE_AUTORELEASING = YES;
				CLANG_WARN_BOOL_CONVERSION = YES;
				CLANG_WARN_COMMA = YES;
				CLANG_WARN_CONSTANT_CONVERSION = YES;
				CLANG_WARN_DEPRECATED_OBJC_IMPLEMENTATIONS = YES;
				CLANG_WARN_DIRECT_OBJC_ISA_USAGE = YES_ERROR;
				CLANG_WARN_DOCUMENTATION_COMMENTS = YES;
				CLANG_WARN_EMPTY_BODY = YES;
				CLANG_WARN_ENUM_CONVERSION = YES;
				CLANG_WARN_INFINITE_RECURSION = YES;
				CLANG_WARN_INT_CONVERSION = YES;
				CLANG_WARN_NON_LITERAL_NULL_CONVERSION = YES;
				CLANG_WARN_OBJC_IMPLICIT_RETAIN_SELF = YES;
				CLANG_WARN_OBJC_LITERAL_CONVERSION = YES;
				CLANG_WARN_OBJC_ROOT_CLASS = YES_ERROR;
				CLANG_WARN_QUOTED_INCLUDE_IN_FRAMEWORK_HEADER = YES;
				CLANG_WARN_RANGE_LOOP_ANALYSIS = YES;
				CLANG_WARN_STRICT_PROTOTYPES = YES;
				CLANG_WARN_SUSPICIOUS_MOVE = YES;
				CLANG_WARN_UNGUARDED_AVAILABILITY = YES_AGGRESSIVE;
				CLANG_WARN_UNREACHABLE_CODE = YES;
				CLANG_WARN__DUPLICATE_METHOD_MATCH = YES;
				COPY_PHASE_STRIP = NO;
				DEBUG_INFORMATION_FORMAT = dwarf;
				ENABLE_STRICT_OBJC_MSGSEND = YES;
				ENABLE_TESTABILITY = YES;
				GCC_C_LANGUAGE_STANDARD = gnu11;
				GCC_DYNAMIC_NO_PIC = NO;
				GCC_NO_COMMON_BLOCKS = YES;
				GCC_OPTIMIZATION_LEVEL = 0;
				GCC_PREPROCESSOR_DEFINITIONS = (
					"DEBUG=1",
					"$(inherited)",
				);
				GCC_WARN_64_TO_32_BIT_CONVERSION = YES;
				GCC_WARN_ABOUT_RETURN_TYPE = YES_ERROR;
				GCC_WARN_UNDECLARED_SELECTOR = YES;
				GCC_WARN_UNINITIALIZED_AUTOS = YES_AGGRESSIVE;
				GCC_WARN_UNUSED_FUNCTION = YES;
				GCC_WARN_UNUSED_VARIABLE = YES;
				IPHONEOS_DEPLOYMENT_TARGET = 14.4;
				MTL_ENABLE_DEBUG_INFO = INCLUDE_SOURCE;
				MTL_FAST_MATH = YES;
				ONLY_ACTIVE_ARCH = YES;
				SDKROOT = iphoneos;
			};
			name = Debug;
		};
		C764E8D22623E83E00E30E46 /* Release */ = {
			isa = XCBuildConfiguration;
			buildSettings = {
				ALWAYS_SEARCH_USER_PATHS = NO;
				CLANG_ANALYZER_NONNULL = YES;
				CLANG_ANALYZER_NUMBER_OBJECT_CONVERSION = YES_AGGRESSIVE;
				CLANG_CXX_LANGUAGE_STANDARD = "gnu++14";
				CLANG_CXX_LIBRARY = "libc++";
				CLANG_ENABLE_MODULES = YES;
				CLANG_ENABLE_OBJC_ARC = YES;
				CLANG_ENABLE_OBJC_WEAK = YES;
				CLANG_WARN_BLOCK_CAPTURE_AUTORELEASING = YES;
				CLANG_WARN_BOOL_CONVERSION = YES;
				CLANG_WARN_COMMA = YES;
				CLANG_WARN_CONSTANT_CONVERSION = YES;
				CLANG_WARN_DEPRECATED_OBJC_IMPLEMENTATIONS = YES;
				CLANG_WARN_DIRECT_OBJC_ISA_USAGE = YES_ERROR;
				CLANG_WARN_DOCUMENTATION_COMMENTS = YES;
				CLANG_WARN_EMPTY_BODY = YES;
				CLANG_WARN_ENUM_CONVERSION = YES;
				CLANG_WARN_INFINITE_RECURSION = YES;
				CLANG_WARN_INT_CONVERSION = YES;
				CLANG_WARN_NON_LITERAL_NULL_CONVERSION = YES;
				CLANG_WARN_OBJC_IMPLICIT_RETAIN_SELF = YES;
				CLANG_WARN_OBJC_LITERAL_CONVERSION = YES;
				CLANG_WARN_OBJC_ROOT_CLASS = YES_ERROR;
				CLANG_WARN_QUOTED_INCLUDE_IN_FRAMEWORK_HEADER = YES;
				CLANG_WARN_RANGE_LOOP_ANALYSIS = YES;
				CLANG_WARN_STRICT_PROTOTYPES = YES;
				CLANG_WARN_SUSPICIOUS_MOVE = YES;
				CLANG_WARN_UNGUARDED_AVAILABILITY = YES_AGGRESSIVE;
				CLANG_WARN_UNREACHABLE_CODE = YES;
				CLANG_WARN__DUPLICATE_METHOD_MATCH = YES;
				COPY_PHASE_STRIP = NO;
				DEBUG_INFORMATION_FORMAT = "dwarf-with-dsym";
				ENABLE_NS_ASSERTIONS = NO;
				ENABLE_STRICT_OBJC_MSGSEND = YES;
				GCC_C_LANGUAGE_STANDARD = gnu11;
				GCC_NO_COMMON_BLOCKS = YES;
				GCC_WARN_64_TO_32_BIT_CONVERSION = YES;
				GCC_WARN_ABOUT_RETURN_TYPE = YES_ERROR;
				GCC_WARN_UNDECLARED_SELECTOR = YES;
				GCC_WARN_UNINITIALIZED_AUTOS = YES_AGGRESSIVE;
				GCC_WARN_UNUSED_FUNCTION = YES;
				GCC_WARN_UNUSED_VARIABLE = YES;
				IPHONEOS_DEPLOYMENT_TARGET = 14.4;
				MTL_ENABLE_DEBUG_INFO = NO;
				MTL_FAST_MATH = YES;
				SDKROOT = iphoneos;
				VALIDATE_PRODUCT = YES;
			};
			name = Release;
		};
		C764E8D42623E83E00E30E46 /* Debug */ = {
			isa = XCBuildConfiguration;
			buildSettings = {
				ASSETCATALOG_COMPILER_APPICON_NAME = AppIcon;
				ASSETCATALOG_COMPILER_GLOBAL_ACCENT_COLOR_NAME = AccentColor;
				CODE_SIGN_STYLE = Automatic;
				DEVELOPMENT_TEAM = ZUYU68XH82;
				INFOPLIST_FILE = SQLPopViewController1/Info.plist;
				LD_RUNPATH_SEARCH_PATHS = (
					"$(inherited)",
					"@executable_path/Frameworks",
				);
				PRODUCT_BUNDLE_IDENTIFIER = com.sl.SQLPopViewController1;
				PRODUCT_NAME = "$(TARGET_NAME)";
				TARGETED_DEVICE_FAMILY = "1,2";
			};
			name = Debug;
		};
		C764E8D52623E83E00E30E46 /* Release */ = {
			isa = XCBuildConfiguration;
			buildSettings = {
				ASSETCATALOG_COMPILER_APPICON_NAME = AppIcon;
				ASSETCATALOG_COMPILER_GLOBAL_ACCENT_COLOR_NAME = AccentColor;
				CODE_SIGN_STYLE = Automatic;
				DEVELOPMENT_TEAM = ZUYU68XH82;
				INFOPLIST_FILE = SQLPopViewController1/Info.plist;
				LD_RUNPATH_SEARCH_PATHS = (
					"$(inherited)",
					"@executable_path/Frameworks",
				);
				PRODUCT_BUNDLE_IDENTIFIER = com.sl.SQLPopViewController1;
				PRODUCT_NAME = "$(TARGET_NAME)";
				TARGETED_DEVICE_FAMILY = "1,2";
			};
			name = Release;
		};
		C764E8D72623E83E00E30E46 /* Debug */ = {
			isa = XCBuildConfiguration;
			buildSettings = {
				BUNDLE_LOADER = "$(TEST_HOST)";
				CODE_SIGN_STYLE = Automatic;
				DEVELOPMENT_TEAM = ZUYU68XH82;
				INFOPLIST_FILE = SQLPopViewController1Tests/Info.plist;
				IPHONEOS_DEPLOYMENT_TARGET = 14.4;
				LD_RUNPATH_SEARCH_PATHS = (
					"$(inherited)",
					"@executable_path/Frameworks",
					"@loader_path/Frameworks",
				);
				PRODUCT_BUNDLE_IDENTIFIER = com.sl.SQLPopViewController1Tests;
				PRODUCT_NAME = "$(TARGET_NAME)";
				TARGETED_DEVICE_FAMILY = "1,2";
				TEST_HOST = "$(BUILT_PRODUCTS_DIR)/SQLPopViewController1.app/SQLPopViewController1";
			};
			name = Debug;
		};
		C764E8D82623E83E00E30E46 /* Release */ = {
			isa = XCBuildConfiguration;
			buildSettings = {
				BUNDLE_LOADER = "$(TEST_HOST)";
				CODE_SIGN_STYLE = Automatic;
				DEVELOPMENT_TEAM = ZUYU68XH82;
				INFOPLIST_FILE = SQLPopViewController1Tests/Info.plist;
				IPHONEOS_DEPLOYMENT_TARGET = 14.4;
				LD_RUNPATH_SEARCH_PATHS = (
					"$(inherited)",
					"@executable_path/Frameworks",
					"@loader_path/Frameworks",
				);
				PRODUCT_BUNDLE_IDENTIFIER = com.sl.SQLPopViewController1Tests;
				PRODUCT_NAME = "$(TARGET_NAME)";
				TARGETED_DEVICE_FAMILY = "1,2";
				TEST_HOST = "$(BUILT_PRODUCTS_DIR)/SQLPopViewController1.app/SQLPopViewController1";
			};
			name = Release;
		};
		C764E8DA2623E83E00E30E46 /* Debug */ = {
			isa = XCBuildConfiguration;
			buildSettings = {
				CODE_SIGN_STYLE = Automatic;
				DEVELOPMENT_TEAM = ZUYU68XH82;
				INFOPLIST_FILE = SQLPopViewController1UITests/Info.plist;
				LD_RUNPATH_SEARCH_PATHS = (
					"$(inherited)",
					"@executable_path/Frameworks",
					"@loader_path/Frameworks",
				);
				PRODUCT_BUNDLE_IDENTIFIER = com.sl.SQLPopViewController1UITests;
				PRODUCT_NAME = "$(TARGET_NAME)";
				TARGETED_DEVICE_FAMILY = "1,2";
				TEST_TARGET_NAME = SQLPopViewController1;
			};
			name = Debug;
		};
		C764E8DB2623E83E00E30E46 /* Release */ = {
			isa = XCBuildConfiguration;
			buildSettings = {
				CODE_SIGN_STYLE = Automatic;
				DEVELOPMENT_TEAM = ZUYU68XH82;
				INFOPLIST_FILE = SQLPopViewController1UITests/Info.plist;
				LD_RUNPATH_SEARCH_PATHS = (
					"$(inherited)",
					"@executable_path/Frameworks",
					"@loader_path/Frameworks",
				);
				PRODUCT_BUNDLE_IDENTIFIER = com.sl.SQLPopViewController1UITests;
				PRODUCT_NAME = "$(TARGET_NAME)";
				TARGETED_DEVICE_FAMILY = "1,2";
				TEST_TARGET_NAME = SQLPopViewController1;
			};
			name = Release;
		};
/* End XCBuildConfiguration section */

/* Begin XCConfigurationList section */
		C764E89F2623E83D00E30E46 /* Build configuration list for PBXProject "SQLPopViewController1" */ = {
			isa = XCConfigurationList;
			buildConfigurations = (
				C764E8D12623E83E00E30E46 /* Debug */,
				C764E8D22623E83E00E30E46 /* Release */,
			);
			defaultConfigurationIsVisible = 0;
			defaultConfigurationName = Release;
		};
		C764E8D32623E83E00E30E46 /* Build configuration list for PBXNativeTarget "SQLPopViewController1" */ = {
			isa = XCConfigurationList;
			buildConfigurations = (
				C764E8D42623E83E00E30E46 /* Debug */,
				C764E8D52623E83E00E30E46 /* Release */,
			);
			defaultConfigurationIsVisible = 0;
			defaultConfigurationName = Release;
		};
		C764E8D62623E83E00E30E46 /* Build configuration list for PBXNativeTarget "SQLPopViewController1Tests" */ = {
			isa = XCConfigurationList;
			buildConfigurations = (
				C764E8D72623E83E00E30E46 /* Debug */,
				C764E8D82623E83E00E30E46 /* Release */,
			);
			defaultConfigurationIsVisible = 0;
			defaultConfigurationName = Release;
		};
		C764E8D92623E83E00E30E46 /* Build configuration list for PBXNativeTarget "SQLPopViewController1UITests" */ = {
			isa = XCConfigurationList;
			buildConfigurations = (
				C764E8DA2623E83E00E30E46 /* Debug */,
				C764E8DB2623E83E00E30E46 /* Release */,
			);
			defaultConfigurationIsVisible = 0;
			defaultConfigurationName = Release;
		};
/* End XCConfigurationList section */
	};
	rootObject = C764E89C2623E83D00E30E46 /* Project object */;
}
